
Microsoft Visual Studio Solution File, Format Version 12.00
# Visual Studio 15
VisualStudioVersion = 15.0.26228.4
MinimumVisualStudioVersion = 10.0.40219.1
Project("{FAE04EC0-301F-11D3-BF4B-00C04F79EFBC}") = "WebApplication1", "WebApplication1\WebApplication1.csproj", "{C5772AC1-336E-405F-A39C-29452CE39CCA}"
EndProject
Global
	GlobalSection(SolutionConfigurationPlatforms) = preSolution
		Debug|Any CPU = Debug|Any CPU
		Release|Any CPU = Release|Any CPU
	EndGlobalSection
	GlobalSection(ProjectConfigurationPlatforms) = postSolution
		{C5772AC1-336E-405F-A39C-29452CE39CCA}.Debug|Any CPU.ActiveCfg = Debug|Any CPU
		{C5772AC1-336E-405F-A39C-29452CE39CCA}.Debug|Any CPU.Build.0 = Debug|Any CPU
		{C5772AC1-336E-405F-A39C-29452CE39CCA}.Release|Any CPU.ActiveCfg = Release|Any CPU
		{C5772AC1-336E-405F-A39C-29452CE39CCA}.Release|Any CPU.Build.0 = Release|Any CPU
	EndGlobalSection
	GlobalSection(SolutionProperties) = preSolution
		HideSolutionNode = FALSE
	EndGlobalSection
EndGlobal
